// !$*UTF8*$!
{
	archiveVersion = 1;
	classes = {
	};
	objectVersion = 55;
	objects = {

/* Begin PBXBuildFile section */
		BF05EEF3271B01D0009D02A6 /* AppDelegate.swift in Sources */ = {isa = PBXBuildFile; fileRef = BF05EEF2271B01D0009D02A6 /* AppDelegate.swift */; };
		BF05EEF5271B01D0009D02A6 /* SceneDelegate.swift in Sources */ = {isa = PBXBuildFile; fileRef = BF05EEF4271B01D0009D02A6 /* SceneDelegate.swift */; };
		BF05EEF7271B01D0009D02A6 /* MainViewController.swift in Sources */ = {isa = PBXBuildFile; fileRef = BF05EEF6271B01D0009D02A6 /* MainViewController.swift */; };
		BF05EEFA271B01D0009D02A6 /* Main.storyboard in Resources */ = {isa = PBXBuildFile; fileRef = BF05EEF8271B01D0009D02A6 /* Main.storyboard */; };
		BF05EEFC271B01D1009D02A6 /* Assets.xcassets in Resources */ = {isa = PBXBuildFile; fileRef = BF05EEFB271B01D1009D02A6 /* Assets.xcassets */; };
		BF05EEFF271B01D1009D02A6 /* LaunchScreen.storyboard in Resources */ = {isa = PBXBuildFile; fileRef = BF05EEFD271B01D1009D02A6 /* LaunchScreen.storyboard */; };
		BF05EF0A271B01D1009D02A6 /* MercuryTests.swift in Sources */ = {isa = PBXBuildFile; fileRef = BF05EF09271B01D1009D02A6 /* MercuryTests.swift */; };
		BF05EF14271B01D1009D02A6 /* MercuryUITests.swift in Sources */ = {isa = PBXBuildFile; fileRef = BF05EF13271B01D1009D02A6 /* MercuryUITests.swift */; };
		BF05EF16271B01D1009D02A6 /* MercuryUITestsLaunchTests.swift in Sources */ = {isa = PBXBuildFile; fileRef = BF05EF15271B01D1009D02A6 /* MercuryUITestsLaunchTests.swift */; };
		BF05EF24271B073A009D02A6 /* NewsDatabase.swift in Sources */ = {isa = PBXBuildFile; fileRef = BF05EF23271B073A009D02A6 /* NewsDatabase.swift */; };
		BF05EF27271B08FF009D02A6 /* Dependent.swift in Sources */ = {isa = PBXBuildFile; fileRef = BF05EF26271B08FF009D02A6 /* Dependent.swift */; };
		BF05EF29271B0924009D02A6 /* Model.swift in Sources */ = {isa = PBXBuildFile; fileRef = BF05EF28271B0924009D02A6 /* Model.swift */; };
		BF05EF2B271B09FB009D02A6 /* Aspect.swift in Sources */ = {isa = PBXBuildFile; fileRef = BF05EF2A271B09FB009D02A6 /* Aspect.swift */; };
		BF05EF2D271B0A97009D02A6 /* DependentKey.swift in Sources */ = {isa = PBXBuildFile; fileRef = BF05EF2C271B0A97009D02A6 /* DependentKey.swift */; };
		BF05EF2F271B0C29009D02A6 /* AbstractModel.swift in Sources */ = {isa = PBXBuildFile; fileRef = BF05EF2E271B0C29009D02A6 /* AbstractModel.swift */; };
		BF05EF31271B0C98009D02A6 /* CountryModel.swift in Sources */ = {isa = PBXBuildFile; fileRef = BF05EF30271B0C98009D02A6 /* CountryModel.swift */; };
		BF05EF33271B194B009D02A6 /* Article.swift in Sources */ = {isa = PBXBuildFile; fileRef = BF05EF32271B194B009D02A6 /* Article.swift */; };
		BF05EF37271B25E7009D02A6 /* ArticleQueryResponse.swift in Sources */ = {isa = PBXBuildFile; fileRef = BF05EF36271B25E7009D02A6 /* ArticleQueryResponse.swift */; };
		BF05EF3A271B264A009D02A6 /* Optional+Extensions.swift in Sources */ = {isa = PBXBuildFile; fileRef = BF05EF39271B264A009D02A6 /* Optional+Extensions.swift */; };
		BF05EF46271B4C03009D02A6 /* OpenSans-ExtraBoldItalic.ttf in Resources */ = {isa = PBXBuildFile; fileRef = BF05EF3C271B4C02009D02A6 /* OpenSans-ExtraBoldItalic.ttf */; };
		BF05EF47271B4C03009D02A6 /* OpenSans-Bold.ttf in Resources */ = {isa = PBXBuildFile; fileRef = BF05EF3D271B4C02009D02A6 /* OpenSans-Bold.ttf */; };
		BF05EF48271B4C03009D02A6 /* OpenSans-Italic.ttf in Resources */ = {isa = PBXBuildFile; fileRef = BF05EF3E271B4C02009D02A6 /* OpenSans-Italic.ttf */; };
		BF05EF49271B4C03009D02A6 /* OpenSans-Semibold.ttf in Resources */ = {isa = PBXBuildFile; fileRef = BF05EF3F271B4C02009D02A6 /* OpenSans-Semibold.ttf */; };
		BF05EF4A271B4C03009D02A6 /* OpenSans-SemiboldItalic.ttf in Resources */ = {isa = PBXBuildFile; fileRef = BF05EF40271B4C02009D02A6 /* OpenSans-SemiboldItalic.ttf */; };
		BF05EF4B271B4C03009D02A6 /* OpenSans-Light.ttf in Resources */ = {isa = PBXBuildFile; fileRef = BF05EF41271B4C03009D02A6 /* OpenSans-Light.ttf */; };
		BF05EF4C271B4C03009D02A6 /* OpenSans-BoldItalic.ttf in Resources */ = {isa = PBXBuildFile; fileRef = BF05EF42271B4C03009D02A6 /* OpenSans-BoldItalic.ttf */; };
		BF05EF4D271B4C03009D02A6 /* OpenSans-Regular.ttf in Resources */ = {isa = PBXBuildFile; fileRef = BF05EF43271B4C03009D02A6 /* OpenSans-Regular.ttf */; };
		BF05EF4E271B4C03009D02A6 /* OpenSans-ExtraBold.ttf in Resources */ = {isa = PBXBuildFile; fileRef = BF05EF44271B4C03009D02A6 /* OpenSans-ExtraBold.ttf */; };
		BF05EF4F271B4C03009D02A6 /* OpenSans-LightItalic.ttf in Resources */ = {isa = PBXBuildFile; fileRef = BF05EF45271B4C03009D02A6 /* OpenSans-LightItalic.ttf */; };
		BF05EF51271B4E33009D02A6 /* countries.csv in Resources */ = {isa = PBXBuildFile; fileRef = BF05EF50271B4E33009D02A6 /* countries.csv */; };
		BF05EF53271B4F81009D02A6 /* CountryDatabase.swift in Sources */ = {isa = PBXBuildFile; fileRef = BF05EF52271B4F81009D02A6 /* CountryDatabase.swift */; };
		BF05EF58271B55E8009D02A6 /* TableViewViewModel.swift in Sources */ = {isa = PBXBuildFile; fileRef = BF05EF57271B55E8009D02A6 /* TableViewViewModel.swift */; };
		BF05EF5A271B59DC009D02A6 /* Country.swift in Sources */ = {isa = PBXBuildFile; fileRef = BF05EF59271B59DC009D02A6 /* Country.swift */; };
		BF05EF5D271B5F58009D02A6 /* ArticleTableViewCell.swift in Sources */ = {isa = PBXBuildFile; fileRef = BF05EF5C271B5F58009D02A6 /* ArticleTableViewCell.swift */; };
		BF05EF5F271B6112009D02A6 /* ArticleViewModel.swift in Sources */ = {isa = PBXBuildFile; fileRef = BF05EF5E271B6112009D02A6 /* ArticleViewModel.swift */; };
		BF05EF61271B6BDF009D02A6 /* ArticleTableViewCell.xib in Resources */ = {isa = PBXBuildFile; fileRef = BF05EF60271B6BDE009D02A6 /* ArticleTableViewCell.xib */; };
		BF05EF65271B793B009D02A6 /* CountryPickerViewController.swift in Sources */ = {isa = PBXBuildFile; fileRef = BF05EF64271B793B009D02A6 /* CountryPickerViewController.swift */; };
		BF05EF67271B7A15009D02A6 /* CountryViewModel.swift in Sources */ = {isa = PBXBuildFile; fileRef = BF05EF66271B7A15009D02A6 /* CountryViewModel.swift */; };
		BFF6C9C4271C310B0045E370 /* CountriesViewModel.swift in Sources */ = {isa = PBXBuildFile; fileRef = BFF6C9C3271C310B0045E370 /* CountriesViewModel.swift */; };
		BFF6C9C6271C378E0045E370 /* CountrySelectionButtonViewModel.swift in Sources */ = {isa = PBXBuildFile; fileRef = BFF6C9C5271C378E0045E370 /* CountrySelectionButtonViewModel.swift */; };
		BFF6C9C8271C458E0045E370 /* ArticleViewController.swift in Sources */ = {isa = PBXBuildFile; fileRef = BFF6C9C7271C458E0045E370 /* ArticleViewController.swift */; };
		BFF6C9CA271C48FE0045E370 /* StringViewModel.swift in Sources */ = {isa = PBXBuildFile; fileRef = BFF6C9C9271C48FE0045E370 /* StringViewModel.swift */; };
		BFF6C9CC271C56A20045E370 /* ImageViewModel.swift in Sources */ = {isa = PBXBuildFile; fileRef = BFF6C9CB271C56A20045E370 /* ImageViewModel.swift */; };
/* End PBXBuildFile section */

/* Begin PBXContainerItemProxy section */
		BF05EF06271B01D1009D02A6 /* PBXContainerItemProxy */ = {
			isa = PBXContainerItemProxy;
			containerPortal = BF05EEE7271B01D0009D02A6 /* Project object */;
			proxyType = 1;
			remoteGlobalIDString = BF05EEEE271B01D0009D02A6;
			remoteInfo = Mercury;
		};
		BF05EF10271B01D1009D02A6 /* PBXContainerItemProxy */ = {
			isa = PBXContainerItemProxy;
			containerPortal = BF05EEE7271B01D0009D02A6 /* Project object */;
			proxyType = 1;
			remoteGlobalIDString = BF05EEEE271B01D0009D02A6;
			remoteInfo = Mercury;
		};
/* End PBXContainerItemProxy section */

/* Begin PBXFileReference section */
		BF05EEEF271B01D0009D02A6 /* Mercury.app */ = {isa = PBXFileReference; explicitFileType = wrapper.application; includeInIndex = 0; path = Mercury.app; sourceTree = BUILT_PRODUCTS_DIR; };
		BF05EEF2271B01D0009D02A6 /* AppDelegate.swift */ = {isa = PBXFileReference; lastKnownFileType = sourcecode.swift; path = AppDelegate.swift; sourceTree = "<group>"; };
		BF05EEF4271B01D0009D02A6 /* SceneDelegate.swift */ = {isa = PBXFileReference; lastKnownFileType = sourcecode.swift; path = SceneDelegate.swift; sourceTree = "<group>"; };
		BF05EEF6271B01D0009D02A6 /* MainViewController.swift */ = {isa = PBXFileReference; lastKnownFileType = sourcecode.swift; path = MainViewController.swift; sourceTree = "<group>"; };
		BF05EEF9271B01D0009D02A6 /* Base */ = {isa = PBXFileReference; lastKnownFileType = file.storyboard; name = Base; path = Base.lproj/Main.storyboard; sourceTree = "<group>"; };
		BF05EEFB271B01D1009D02A6 /* Assets.xcassets */ = {isa = PBXFileReference; lastKnownFileType = folder.assetcatalog; path = Assets.xcassets; sourceTree = "<group>"; };
		BF05EEFE271B01D1009D02A6 /* Base */ = {isa = PBXFileReference; lastKnownFileType = file.storyboard; name = Base; path = Base.lproj/LaunchScreen.storyboard; sourceTree = "<group>"; };
		BF05EF00271B01D1009D02A6 /* Info.plist */ = {isa = PBXFileReference; lastKnownFileType = text.plist.xml; path = Info.plist; sourceTree = "<group>"; };
		BF05EF05271B01D1009D02A6 /* MercuryTests.xctest */ = {isa = PBXFileReference; explicitFileType = wrapper.cfbundle; includeInIndex = 0; path = MercuryTests.xctest; sourceTree = BUILT_PRODUCTS_DIR; };
		BF05EF09271B01D1009D02A6 /* MercuryTests.swift */ = {isa = PBXFileReference; lastKnownFileType = sourcecode.swift; path = MercuryTests.swift; sourceTree = "<group>"; };
		BF05EF0F271B01D1009D02A6 /* MercuryUITests.xctest */ = {isa = PBXFileReference; explicitFileType = wrapper.cfbundle; includeInIndex = 0; path = MercuryUITests.xctest; sourceTree = BUILT_PRODUCTS_DIR; };
		BF05EF13271B01D1009D02A6 /* MercuryUITests.swift */ = {isa = PBXFileReference; lastKnownFileType = sourcecode.swift; path = MercuryUITests.swift; sourceTree = "<group>"; };
		BF05EF15271B01D1009D02A6 /* MercuryUITestsLaunchTests.swift */ = {isa = PBXFileReference; lastKnownFileType = sourcecode.swift; path = MercuryUITestsLaunchTests.swift; sourceTree = "<group>"; };
		BF05EF23271B073A009D02A6 /* NewsDatabase.swift */ = {isa = PBXFileReference; lastKnownFileType = sourcecode.swift; path = NewsDatabase.swift; sourceTree = "<group>"; };
		BF05EF26271B08FF009D02A6 /* Dependent.swift */ = {isa = PBXFileReference; lastKnownFileType = sourcecode.swift; path = Dependent.swift; sourceTree = "<group>"; };
		BF05EF28271B0924009D02A6 /* Model.swift */ = {isa = PBXFileReference; lastKnownFileType = sourcecode.swift; path = Model.swift; sourceTree = "<group>"; };
		BF05EF2A271B09FB009D02A6 /* Aspect.swift */ = {isa = PBXFileReference; lastKnownFileType = sourcecode.swift; path = Aspect.swift; sourceTree = "<group>"; };
		BF05EF2C271B0A97009D02A6 /* DependentKey.swift */ = {isa = PBXFileReference; lastKnownFileType = sourcecode.swift; path = DependentKey.swift; sourceTree = "<group>"; };
		BF05EF2E271B0C29009D02A6 /* AbstractModel.swift */ = {isa = PBXFileReference; lastKnownFileType = sourcecode.swift; path = AbstractModel.swift; sourceTree = "<group>"; };
		BF05EF30271B0C98009D02A6 /* CountryModel.swift */ = {isa = PBXFileReference; lastKnownFileType = sourcecode.swift; path = CountryModel.swift; sourceTree = "<group>"; };
		BF05EF32271B194B009D02A6 /* Article.swift */ = {isa = PBXFileReference; lastKnownFileType = sourcecode.swift; path = Article.swift; sourceTree = "<group>"; };
		BF05EF36271B25E7009D02A6 /* ArticleQueryResponse.swift */ = {isa = PBXFileReference; lastKnownFileType = sourcecode.swift; path = ArticleQueryResponse.swift; sourceTree = "<group>"; };
		BF05EF39271B264A009D02A6 /* Optional+Extensions.swift */ = {isa = PBXFileReference; lastKnownFileType = sourcecode.swift; path = "Optional+Extensions.swift"; sourceTree = "<group>"; };
		BF05EF3C271B4C02009D02A6 /* OpenSans-ExtraBoldItalic.ttf */ = {isa = PBXFileReference; lastKnownFileType = file; path = "OpenSans-ExtraBoldItalic.ttf"; sourceTree = "<group>"; };
		BF05EF3D271B4C02009D02A6 /* OpenSans-Bold.ttf */ = {isa = PBXFileReference; lastKnownFileType = file; path = "OpenSans-Bold.ttf"; sourceTree = "<group>"; };
		BF05EF3E271B4C02009D02A6 /* OpenSans-Italic.ttf */ = {isa = PBXFileReference; lastKnownFileType = file; path = "OpenSans-Italic.ttf"; sourceTree = "<group>"; };
		BF05EF3F271B4C02009D02A6 /* OpenSans-Semibold.ttf */ = {isa = PBXFileReference; lastKnownFileType = file; path = "OpenSans-Semibold.ttf"; sourceTree = "<group>"; };
		BF05EF40271B4C02009D02A6 /* OpenSans-SemiboldItalic.ttf */ = {isa = PBXFileReference; lastKnownFileType = file; path = "OpenSans-SemiboldItalic.ttf"; sourceTree = "<group>"; };
		BF05EF41271B4C03009D02A6 /* OpenSans-Light.ttf */ = {isa = PBXFileReference; lastKnownFileType = file; path = "OpenSans-Light.ttf"; sourceTree = "<group>"; };
		BF05EF42271B4C03009D02A6 /* OpenSans-BoldItalic.ttf */ = {isa = PBXFileReference; lastKnownFileType = file; path = "OpenSans-BoldItalic.ttf"; sourceTree = "<group>"; };
		BF05EF43271B4C03009D02A6 /* OpenSans-Regular.ttf */ = {isa = PBXFileReference; lastKnownFileType = file; path = "OpenSans-Regular.ttf"; sourceTree = "<group>"; };
		BF05EF44271B4C03009D02A6 /* OpenSans-ExtraBold.ttf */ = {isa = PBXFileReference; lastKnownFileType = file; path = "OpenSans-ExtraBold.ttf"; sourceTree = "<group>"; };
		BF05EF45271B4C03009D02A6 /* OpenSans-LightItalic.ttf */ = {isa = PBXFileReference; lastKnownFileType = file; path = "OpenSans-LightItalic.ttf"; sourceTree = "<group>"; };
		BF05EF50271B4E33009D02A6 /* countries.csv */ = {isa = PBXFileReference; lastKnownFileType = text; path = countries.csv; sourceTree = "<group>"; };
		BF05EF52271B4F81009D02A6 /* CountryDatabase.swift */ = {isa = PBXFileReference; lastKnownFileType = sourcecode.swift; path = CountryDatabase.swift; sourceTree = "<group>"; };
		BF05EF57271B55E8009D02A6 /* TableViewViewModel.swift */ = {isa = PBXFileReference; lastKnownFileType = sourcecode.swift; path = TableViewViewModel.swift; sourceTree = "<group>"; };
		BF05EF59271B59DC009D02A6 /* Country.swift */ = {isa = PBXFileReference; lastKnownFileType = sourcecode.swift; path = Country.swift; sourceTree = "<group>"; };
		BF05EF5C271B5F58009D02A6 /* ArticleTableViewCell.swift */ = {isa = PBXFileReference; lastKnownFileType = sourcecode.swift; path = ArticleTableViewCell.swift; sourceTree = "<group>"; };
		BF05EF5E271B6112009D02A6 /* ArticleViewModel.swift */ = {isa = PBXFileReference; lastKnownFileType = sourcecode.swift; path = ArticleViewModel.swift; sourceTree = "<group>"; };
		BF05EF60271B6BDE009D02A6 /* ArticleTableViewCell.xib */ = {isa = PBXFileReference; lastKnownFileType = file.xib; path = ArticleTableViewCell.xib; sourceTree = "<group>"; };
		BF05EF64271B793B009D02A6 /* CountryPickerViewController.swift */ = {isa = PBXFileReference; lastKnownFileType = sourcecode.swift; path = CountryPickerViewController.swift; sourceTree = "<group>"; };
		BF05EF66271B7A15009D02A6 /* CountryViewModel.swift */ = {isa = PBXFileReference; lastKnownFileType = sourcecode.swift; path = CountryViewModel.swift; sourceTree = "<group>"; };
		BFF6C9C3271C310B0045E370 /* CountriesViewModel.swift */ = {isa = PBXFileReference; lastKnownFileType = sourcecode.swift; path = CountriesViewModel.swift; sourceTree = "<group>"; };
		BFF6C9C5271C378E0045E370 /* CountrySelectionButtonViewModel.swift */ = {isa = PBXFileReference; lastKnownFileType = sourcecode.swift; path = CountrySelectionButtonViewModel.swift; sourceTree = "<group>"; };
		BFF6C9C7271C458E0045E370 /* ArticleViewController.swift */ = {isa = PBXFileReference; lastKnownFileType = sourcecode.swift; path = ArticleViewController.swift; sourceTree = "<group>"; };
		BFF6C9C9271C48FE0045E370 /* StringViewModel.swift */ = {isa = PBXFileReference; lastKnownFileType = sourcecode.swift; path = StringViewModel.swift; sourceTree = "<group>"; };
		BFF6C9CB271C56A20045E370 /* ImageViewModel.swift */ = {isa = PBXFileReference; lastKnownFileType = sourcecode.swift; path = ImageViewModel.swift; sourceTree = "<group>"; };
/* End PBXFileReference section */

/* Begin PBXFrameworksBuildPhase section */
		BF05EEEC271B01D0009D02A6 /* Frameworks */ = {
			isa = PBXFrameworksBuildPhase;
			buildActionMask = 2147483647;
			files = (
			);
			runOnlyForDeploymentPostprocessing = 0;
		};
		BF05EF02271B01D1009D02A6 /* Frameworks */ = {
			isa = PBXFrameworksBuildPhase;
			buildActionMask = 2147483647;
			files = (
			);
			runOnlyForDeploymentPostprocessing = 0;
		};
		BF05EF0C271B01D1009D02A6 /* Frameworks */ = {
			isa = PBXFrameworksBuildPhase;
			buildActionMask = 2147483647;
			files = (
			);
			runOnlyForDeploymentPostprocessing = 0;
		};
/* End PBXFrameworksBuildPhase section */

/* Begin PBXGroup section */
		BF05EEE6271B01D0009D02A6 = {
			isa = PBXGroup;
			children = (
				BF05EEF1271B01D0009D02A6 /* Mercury */,
				BF05EF08271B01D1009D02A6 /* MercuryTests */,
				BF05EF12271B01D1009D02A6 /* MercuryUITests */,
				BF05EEF0271B01D0009D02A6 /* Products */,
			);
			sourceTree = "<group>";
		};
		BF05EEF0271B01D0009D02A6 /* Products */ = {
			isa = PBXGroup;
			children = (
				BF05EEEF271B01D0009D02A6 /* Mercury.app */,
				BF05EF05271B01D1009D02A6 /* MercuryTests.xctest */,
				BF05EF0F271B01D1009D02A6 /* MercuryUITests.xctest */,
			);
			name = Products;
			sourceTree = "<group>";
		};
		BF05EEF1271B01D0009D02A6 /* Mercury */ = {
			isa = PBXGroup;
			children = (
				BF05EEF2271B01D0009D02A6 /* AppDelegate.swift */,
				BF05EEFB271B01D1009D02A6 /* Assets.xcassets */,
				BF05EF50271B4E33009D02A6 /* countries.csv */,
				BF05EF3B271B4BDE009D02A6 /* Font Resources */,
				BF05EF00271B01D1009D02A6 /* Info.plist */,
				BF05EF22271B0720009D02A6 /* Models */,
				BF05EF63271B78E6009D02A6 /* Nibs and Storyboards */,
				BF05EEF4271B01D0009D02A6 /* SceneDelegate.swift */,
				BF05EF38271B2635009D02A6 /* System Extensions */,
				BF05EF62271B78D8009D02A6 /* View Controllers */,
				BF05EF25271B08DF009D02A6 /* View Model Binding */,
				BF05EF56271B55CE009D02A6 /* View Models */,
				BF05EF5B271B5F22009D02A6 /* Views */,
			);
			path = Mercury;
			sourceTree = "<group>";
		};
		BF05EF08271B01D1009D02A6 /* MercuryTests */ = {
			isa = PBXGroup;
			children = (
				BF05EF09271B01D1009D02A6 /* MercuryTests.swift */,
			);
			path = MercuryTests;
			sourceTree = "<group>";
		};
		BF05EF12271B01D1009D02A6 /* MercuryUITests */ = {
			isa = PBXGroup;
			children = (
				BF05EF13271B01D1009D02A6 /* MercuryUITests.swift */,
				BF05EF15271B01D1009D02A6 /* MercuryUITestsLaunchTests.swift */,
			);
			path = MercuryUITests;
			sourceTree = "<group>";
		};
		BF05EF22271B0720009D02A6 /* Models */ = {
			isa = PBXGroup;
			children = (
				BF05EF32271B194B009D02A6 /* Article.swift */,
				BF05EF36271B25E7009D02A6 /* ArticleQueryResponse.swift */,
				BF05EF59271B59DC009D02A6 /* Country.swift */,
				BF05EF52271B4F81009D02A6 /* CountryDatabase.swift */,
				BF05EF30271B0C98009D02A6 /* CountryModel.swift */,
				BF05EF23271B073A009D02A6 /* NewsDatabase.swift */,
			);
			path = Models;
			sourceTree = "<group>";
		};
		BF05EF25271B08DF009D02A6 /* View Model Binding */ = {
			isa = PBXGroup;
			children = (
				BF05EF2E271B0C29009D02A6 /* AbstractModel.swift */,
				BF05EF2A271B09FB009D02A6 /* Aspect.swift */,
				BF05EF26271B08FF009D02A6 /* Dependent.swift */,
				BF05EF2C271B0A97009D02A6 /* DependentKey.swift */,
				BF05EF28271B0924009D02A6 /* Model.swift */,
			);
			path = "View Model Binding";
			sourceTree = "<group>";
		};
		BF05EF38271B2635009D02A6 /* System Extensions */ = {
			isa = PBXGroup;
			children = (
				BF05EF39271B264A009D02A6 /* Optional+Extensions.swift */,
			);
			path = "System Extensions";
			sourceTree = "<group>";
		};
		BF05EF3B271B4BDE009D02A6 /* Font Resources */ = {
			isa = PBXGroup;
			children = (
				BF05EF3D271B4C02009D02A6 /* OpenSans-Bold.ttf */,
				BF05EF42271B4C03009D02A6 /* OpenSans-BoldItalic.ttf */,
				BF05EF44271B4C03009D02A6 /* OpenSans-ExtraBold.ttf */,
				BF05EF3C271B4C02009D02A6 /* OpenSans-ExtraBoldItalic.ttf */,
				BF05EF3E271B4C02009D02A6 /* OpenSans-Italic.ttf */,
				BF05EF41271B4C03009D02A6 /* OpenSans-Light.ttf */,
				BF05EF45271B4C03009D02A6 /* OpenSans-LightItalic.ttf */,
				BF05EF43271B4C03009D02A6 /* OpenSans-Regular.ttf */,
				BF05EF3F271B4C02009D02A6 /* OpenSans-Semibold.ttf */,
				BF05EF40271B4C02009D02A6 /* OpenSans-SemiboldItalic.ttf */,
			);
			path = "Font Resources";
			sourceTree = "<group>";
		};
		BF05EF56271B55CE009D02A6 /* View Models */ = {
			isa = PBXGroup;
			children = (
				BF05EF5E271B6112009D02A6 /* ArticleViewModel.swift */,
				BFF6C9C3271C310B0045E370 /* CountriesViewModel.swift */,
				BFF6C9C5271C378E0045E370 /* CountrySelectionButtonViewModel.swift */,
				BF05EF66271B7A15009D02A6 /* CountryViewModel.swift */,
				BFF6C9CB271C56A20045E370 /* ImageViewModel.swift */,
				BFF6C9C9271C48FE0045E370 /* StringViewModel.swift */,
				BF05EF57271B55E8009D02A6 /* TableViewViewModel.swift */,
			);
			path = "View Models";
			sourceTree = "<group>";
		};
		BF05EF5B271B5F22009D02A6 /* Views */ = {
			isa = PBXGroup;
			children = (
				BF05EF5C271B5F58009D02A6 /* ArticleTableViewCell.swift */,
			);
			path = Views;
			sourceTree = "<group>";
		};
		BF05EF62271B78D8009D02A6 /* View Controllers */ = {
			isa = PBXGroup;
			children = (
				BFF6C9C7271C458E0045E370 /* ArticleViewController.swift */,
				BF05EF64271B793B009D02A6 /* CountryPickerViewController.swift */,
				BF05EEF6271B01D0009D02A6 /* MainViewController.swift */,
			);
			path = "View Controllers";
			sourceTree = "<group>";
		};
		BF05EF63271B78E6009D02A6 /* Nibs and Storyboards */ = {
			isa = PBXGroup;
			children = (
				BF05EEF8271B01D0009D02A6 /* Main.storyboard */,
				BF05EEFD271B01D1009D02A6 /* LaunchScreen.storyboard */,
				BF05EF60271B6BDE009D02A6 /* ArticleTableViewCell.xib */,
			);
			path = "Nibs and Storyboards";
			sourceTree = "<group>";
		};
/* End PBXGroup section */

/* Begin PBXNativeTarget section */
		BF05EEEE271B01D0009D02A6 /* Mercury */ = {
			isa = PBXNativeTarget;
			buildConfigurationList = BF05EF19271B01D1009D02A6 /* Build configuration list for PBXNativeTarget "Mercury" */;
			buildPhases = (
				BF05EEEB271B01D0009D02A6 /* Sources */,
				BF05EEEC271B01D0009D02A6 /* Frameworks */,
				BF05EEED271B01D0009D02A6 /* Resources */,
			);
			buildRules = (
			);
			dependencies = (
			);
			name = Mercury;
			productName = Mercury;
			productReference = BF05EEEF271B01D0009D02A6 /* Mercury.app */;
			productType = "com.apple.product-type.application";
		};
		BF05EF04271B01D1009D02A6 /* MercuryTests */ = {
			isa = PBXNativeTarget;
			buildConfigurationList = BF05EF1C271B01D1009D02A6 /* Build configuration list for PBXNativeTarget "MercuryTests" */;
			buildPhases = (
				BF05EF01271B01D1009D02A6 /* Sources */,
				BF05EF02271B01D1009D02A6 /* Frameworks */,
				BF05EF03271B01D1009D02A6 /* Resources */,
			);
			buildRules = (
			);
			dependencies = (
				BF05EF07271B01D1009D02A6 /* PBXTargetDependency */,
			);
			name = MercuryTests;
			productName = MercuryTests;
			productReference = BF05EF05271B01D1009D02A6 /* MercuryTests.xctest */;
			productType = "com.apple.product-type.bundle.unit-test";
		};
		BF05EF0E271B01D1009D02A6 /* MercuryUITests */ = {
			isa = PBXNativeTarget;
			buildConfigurationList = BF05EF1F271B01D1009D02A6 /* Build configuration list for PBXNativeTarget "MercuryUITests" */;
			buildPhases = (
				BF05EF0B271B01D1009D02A6 /* Sources */,
				BF05EF0C271B01D1009D02A6 /* Frameworks */,
				BF05EF0D271B01D1009D02A6 /* Resources */,
			);
			buildRules = (
			);
			dependencies = (
				BF05EF11271B01D1009D02A6 /* PBXTargetDependency */,
			);
			name = MercuryUITests;
			productName = MercuryUITests;
			productReference = BF05EF0F271B01D1009D02A6 /* MercuryUITests.xctest */;
			productType = "com.apple.product-type.bundle.ui-testing";
		};
/* End PBXNativeTarget section */

/* Begin PBXProject section */
		BF05EEE7271B01D0009D02A6 /* Project object */ = {
			isa = PBXProject;
			attributes = {
				BuildIndependentTargetsInParallel = 1;
				LastSwiftUpdateCheck = 1300;
				LastUpgradeCheck = 1300;
				TargetAttributes = {
					BF05EEEE271B01D0009D02A6 = {
						CreatedOnToolsVersion = 13.0;
					};
					BF05EF04271B01D1009D02A6 = {
						CreatedOnToolsVersion = 13.0;
						TestTargetID = BF05EEEE271B01D0009D02A6;
					};
					BF05EF0E271B01D1009D02A6 = {
						CreatedOnToolsVersion = 13.0;
						TestTargetID = BF05EEEE271B01D0009D02A6;
					};
				};
			};
			buildConfigurationList = BF05EEEA271B01D0009D02A6 /* Build configuration list for PBXProject "Mercury" */;
			compatibilityVersion = "Xcode 13.0";
			developmentRegion = en;
			hasScannedForEncodings = 0;
			knownRegions = (
				en,
				Base,
			);
			mainGroup = BF05EEE6271B01D0009D02A6;
			productRefGroup = BF05EEF0271B01D0009D02A6 /* Products */;
			projectDirPath = "";
			projectRoot = "";
			targets = (
				BF05EEEE271B01D0009D02A6 /* Mercury */,
				BF05EF04271B01D1009D02A6 /* MercuryTests */,
				BF05EF0E271B01D1009D02A6 /* MercuryUITests */,
			);
		};
/* End PBXProject section */

/* Begin PBXResourcesBuildPhase section */
		BF05EEED271B01D0009D02A6 /* Resources */ = {
			isa = PBXResourcesBuildPhase;
			buildActionMask = 2147483647;
			files = (
				BF05EF4A271B4C03009D02A6 /* OpenSans-SemiboldItalic.ttf in Resources */,
				BF05EF4D271B4C03009D02A6 /* OpenSans-Regular.ttf in Resources */,
				BF05EEFF271B01D1009D02A6 /* LaunchScreen.storyboard in Resources */,
				BF05EEFC271B01D1009D02A6 /* Assets.xcassets in Resources */,
				BF05EEFA271B01D0009D02A6 /* Main.storyboard in Resources */,
				BF05EF4C271B4C03009D02A6 /* OpenSans-BoldItalic.ttf in Resources */,
				BF05EF48271B4C03009D02A6 /* OpenSans-Italic.ttf in Resources */,
				BF05EF51271B4E33009D02A6 /* countries.csv in Resources */,
				BF05EF47271B4C03009D02A6 /* OpenSans-Bold.ttf in Resources */,
				BF05EF4B271B4C03009D02A6 /* OpenSans-Light.ttf in Resources */,
				BF05EF61271B6BDF009D02A6 /* ArticleTableViewCell.xib in Resources */,
				BF05EF49271B4C03009D02A6 /* OpenSans-Semibold.ttf in Resources */,
				BF05EF46271B4C03009D02A6 /* OpenSans-ExtraBoldItalic.ttf in Resources */,
				BF05EF4F271B4C03009D02A6 /* OpenSans-LightItalic.ttf in Resources */,
				BF05EF4E271B4C03009D02A6 /* OpenSans-ExtraBold.ttf in Resources */,
			);
			runOnlyForDeploymentPostprocessing = 0;
		};
		BF05EF03271B01D1009D02A6 /* Resources */ = {
			isa = PBXResourcesBuildPhase;
			buildActionMask = 2147483647;
			files = (
			);
			runOnlyForDeploymentPostprocessing = 0;
		};
		BF05EF0D271B01D1009D02A6 /* Resources */ = {
			isa = PBXResourcesBuildPhase;
			buildActionMask = 2147483647;
			files = (
			);
			runOnlyForDeploymentPostprocessing = 0;
		};
/* End PBXResourcesBuildPhase section */

/* Begin PBXSourcesBuildPhase section */
		BF05EEEB271B01D0009D02A6 /* Sources */ = {
			isa = PBXSourcesBuildPhase;
			buildActionMask = 2147483647;
			files = (
				BFF6C9C8271C458E0045E370 /* ArticleViewController.swift in Sources */,
				BF05EF33271B194B009D02A6 /* Article.swift in Sources */,
				BF05EF2B271B09FB009D02A6 /* Aspect.swift in Sources */,
				BF05EF37271B25E7009D02A6 /* ArticleQueryResponse.swift in Sources */,
				BF05EF58271B55E8009D02A6 /* TableViewViewModel.swift in Sources */,
				BF05EF3A271B264A009D02A6 /* Optional+Extensions.swift in Sources */,
				BF05EF65271B793B009D02A6 /* CountryPickerViewController.swift in Sources */,
				BF05EEF7271B01D0009D02A6 /* MainViewController.swift in Sources */,
				BF05EEF3271B01D0009D02A6 /* AppDelegate.swift in Sources */,
				BF05EEF5271B01D0009D02A6 /* SceneDelegate.swift in Sources */,
				BFF6C9C4271C310B0045E370 /* CountriesViewModel.swift in Sources */,
				BFF6C9CC271C56A20045E370 /* ImageViewModel.swift in Sources */,
				BFF6C9CA271C48FE0045E370 /* StringViewModel.swift in Sources */,
				BF05EF67271B7A15009D02A6 /* CountryViewModel.swift in Sources */,
				BF05EF31271B0C98009D02A6 /* CountryModel.swift in Sources */,
				BFF6C9C6271C378E0045E370 /* CountrySelectionButtonViewModel.swift in Sources */,
				BF05EF5A271B59DC009D02A6 /* Country.swift in Sources */,
				BF05EF5D271B5F58009D02A6 /* ArticleTableViewCell.swift in Sources */,
				BF05EF29271B0924009D02A6 /* Model.swift in Sources */,
				BF05EF53271B4F81009D02A6 /* CountryDatabase.swift in Sources */,
				BF05EF2D271B0A97009D02A6 /* DependentKey.swift in Sources */,
				BF05EF24271B073A009D02A6 /* NewsDatabase.swift in Sources */,
				BF05EF2F271B0C29009D02A6 /* AbstractModel.swift in Sources */,
				BF05EF5F271B6112009D02A6 /* ArticleViewModel.swift in Sources */,
				BF05EF27271B08FF009D02A6 /* Dependent.swift in Sources */,
			);
			runOnlyForDeploymentPostprocessing = 0;
		};
		BF05EF01271B01D1009D02A6 /* Sources */ = {
			isa = PBXSourcesBuildPhase;
			buildActionMask = 2147483647;
			files = (
				BF05EF0A271B01D1009D02A6 /* MercuryTests.swift in Sources */,
			);
			runOnlyForDeploymentPostprocessing = 0;
		};
		BF05EF0B271B01D1009D02A6 /* Sources */ = {
			isa = PBXSourcesBuildPhase;
			buildActionMask = 2147483647;
			files = (
				BF05EF16271B01D1009D02A6 /* MercuryUITestsLaunchTests.swift in Sources */,
				BF05EF14271B01D1009D02A6 /* MercuryUITests.swift in Sources */,
			);
			runOnlyForDeploymentPostprocessing = 0;
		};
/* End PBXSourcesBuildPhase section */

/* Begin PBXTargetDependency section */
		BF05EF07271B01D1009D02A6 /* PBXTargetDependency */ = {
			isa = PBXTargetDependency;
			target = BF05EEEE271B01D0009D02A6 /* Mercury */;
			targetProxy = BF05EF06271B01D1009D02A6 /* PBXContainerItemProxy */;
		};
		BF05EF11271B01D1009D02A6 /* PBXTargetDependency */ = {
			isa = PBXTargetDependency;
			target = BF05EEEE271B01D0009D02A6 /* Mercury */;
			targetProxy = BF05EF10271B01D1009D02A6 /* PBXContainerItemProxy */;
		};
/* End PBXTargetDependency section */

/* Begin PBXVariantGroup section */
		BF05EEF8271B01D0009D02A6 /* Main.storyboard */ = {
			isa = PBXVariantGroup;
			children = (
				BF05EEF9271B01D0009D02A6 /* Base */,
			);
			name = Main.storyboard;
			sourceTree = "<group>";
		};
		BF05EEFD271B01D1009D02A6 /* LaunchScreen.storyboard */ = {
			isa = PBXVariantGroup;
			children = (
				BF05EEFE271B01D1009D02A6 /* Base */,
			);
			name = LaunchScreen.storyboard;
			sourceTree = "<group>";
		};
/* End PBXVariantGroup section */

/* Begin XCBuildConfiguration section */
		BF05EF17271B01D1009D02A6 /* Debug */ = {
			isa = XCBuildConfiguration;
			buildSettings = {
				ALWAYS_SEARCH_USER_PATHS = NO;
				CLANG_ANALYZER_NONNULL = YES;
				CLANG_ANALYZER_NUMBER_OBJECT_CONVERSION = YES_AGGRESSIVE;
				CLANG_CXX_LANGUAGE_STANDARD = "gnu++17";
				CLANG_CXX_LIBRARY = "libc++";
				CLANG_ENABLE_MODULES = YES;
				CLANG_ENABLE_OBJC_ARC = YES;
				CLANG_ENABLE_OBJC_WEAK = YES;
				CLANG_WARN_BLOCK_CAPTURE_AUTORELEASING = YES;
				CLANG_WARN_BOOL_CONVERSION = YES;
				CLANG_WARN_COMMA = YES;
				CLANG_WARN_CONSTANT_CONVERSION = YES;
				CLANG_WARN_DEPRECATED_OBJC_IMPLEMENTATIONS = YES;
				CLANG_WARN_DIRECT_OBJC_ISA_USAGE = YES_ERROR;
				CLANG_WARN_DOCUMENTATION_COMMENTS = YES;
				CLANG_WARN_EMPTY_BODY = YES;
				CLANG_WARN_ENUM_CONVERSION = YES;
				CLANG_WARN_INFINITE_RECURSION = YES;
				CLANG_WARN_INT_CONVERSION = YES;
				CLANG_WARN_NON_LITERAL_NULL_CONVERSION = YES;
				CLANG_WARN_OBJC_IMPLICIT_RETAIN_SELF = YES;
				CLANG_WARN_OBJC_LITERAL_CONVERSION = YES;
				CLANG_WARN_OBJC_ROOT_CLASS = YES_ERROR;
				CLANG_WARN_QUOTED_INCLUDE_IN_FRAMEWORK_HEADER = YES;
				CLANG_WARN_RANGE_LOOP_ANALYSIS = YES;
				CLANG_WARN_STRICT_PROTOTYPES = YES;
				CLANG_WARN_SUSPICIOUS_MOVE = YES;
				CLANG_WARN_UNGUARDED_AVAILABILITY = YES_AGGRESSIVE;
				CLANG_WARN_UNREACHABLE_CODE = YES;
				CLANG_WARN__DUPLICATE_METHOD_MATCH = YES;
				COPY_PHASE_STRIP = NO;
				DEBUG_INFORMATION_FORMAT = dwarf;
				ENABLE_STRICT_OBJC_MSGSEND = YES;
				ENABLE_TESTABILITY = YES;
				GCC_C_LANGUAGE_STANDARD = gnu11;
				GCC_DYNAMIC_NO_PIC = NO;
				GCC_NO_COMMON_BLOCKS = YES;
				GCC_OPTIMIZATION_LEVEL = 0;
				GCC_PREPROCESSOR_DEFINITIONS = (
					"DEBUG=1",
					"$(inherited)",
				);
				GCC_WARN_64_TO_32_BIT_CONVERSION = YES;
				GCC_WARN_ABOUT_RETURN_TYPE = YES_ERROR;
				GCC_WARN_UNDECLARED_SELECTOR = YES;
				GCC_WARN_UNINITIALIZED_AUTOS = YES_AGGRESSIVE;
				GCC_WARN_UNUSED_FUNCTION = YES;
				GCC_WARN_UNUSED_VARIABLE = YES;
				IPHONEOS_DEPLOYMENT_TARGET = 15.0;
				MTL_ENABLE_DEBUG_INFO = INCLUDE_SOURCE;
				MTL_FAST_MATH = YES;
				ONLY_ACTIVE_ARCH = YES;
				SDKROOT = iphoneos;
				SWIFT_ACTIVE_COMPILATION_CONDITIONS = DEBUG;
				SWIFT_OPTIMIZATION_LEVEL = "-Onone";
			};
			name = Debug;
		};
		BF05EF18271B01D1009D02A6 /* Release */ = {
			isa = XCBuildConfiguration;
			buildSettings = {
				ALWAYS_SEARCH_USER_PATHS = NO;
				CLANG_ANALYZER_NONNULL = YES;
				CLANG_ANALYZER_NUMBER_OBJECT_CONVERSION = YES_AGGRESSIVE;
				CLANG_CXX_LANGUAGE_STANDARD = "gnu++17";
				CLANG_CXX_LIBRARY = "libc++";
				CLANG_ENABLE_MODULES = YES;
				CLANG_ENABLE_OBJC_ARC = YES;
				CLANG_ENABLE_OBJC_WEAK = YES;
				CLANG_WARN_BLOCK_CAPTURE_AUTORELEASING = YES;
				CLANG_WARN_BOOL_CONVERSION = YES;
				CLANG_WARN_COMMA = YES;
				CLANG_WARN_CONSTANT_CONVERSION = YES;
				CLANG_WARN_DEPRECATED_OBJC_IMPLEMENTATIONS = YES;
				CLANG_WARN_DIRECT_OBJC_ISA_USAGE = YES_ERROR;
				CLANG_WARN_DOCUMENTATION_COMMENTS = YES;
				CLANG_WARN_EMPTY_BODY = YES;
				CLANG_WARN_ENUM_CONVERSION = YES;
				CLANG_WARN_INFINITE_RECURSION = YES;
				CLANG_WARN_INT_CONVERSION = YES;
				CLANG_WARN_NON_LITERAL_NULL_CONVERSION = YES;
				CLANG_WARN_OBJC_IMPLICIT_RETAIN_SELF = YES;
				CLANG_WARN_OBJC_LITERAL_CONVERSION = YES;
				CLANG_WARN_OBJC_ROOT_CLASS = YES_ERROR;
				CLANG_WARN_QUOTED_INCLUDE_IN_FRAMEWORK_HEADER = YES;
				CLANG_WARN_RANGE_LOOP_ANALYSIS = YES;
				CLANG_WARN_STRICT_PROTOTYPES = YES;
				CLANG_WARN_SUSPICIOUS_MOVE = YES;
				CLANG_WARN_UNGUARDED_AVAILABILITY = YES_AGGRESSIVE;
				CLANG_WARN_UNREACHABLE_CODE = YES;
				CLANG_WARN__DUPLICATE_METHOD_MATCH = YES;
				COPY_PHASE_STRIP = NO;
				DEBUG_INFORMATION_FORMAT = "dwarf-with-dsym";
				ENABLE_NS_ASSERTIONS = NO;
				ENABLE_STRICT_OBJC_MSGSEND = YES;
				GCC_C_LANGUAGE_STANDARD = gnu11;
				GCC_NO_COMMON_BLOCKS = YES;
				GCC_WARN_64_TO_32_BIT_CONVERSION = YES;
				GCC_WARN_ABOUT_RETURN_TYPE = YES_ERROR;
				GCC_WARN_UNDECLARED_SELECTOR = YES;
				GCC_WARN_UNINITIALIZED_AUTOS = YES_AGGRESSIVE;
				GCC_WARN_UNUSED_FUNCTION = YES;
				GCC_WARN_UNUSED_VARIABLE = YES;
				IPHONEOS_DEPLOYMENT_TARGET = 15.0;
				MTL_ENABLE_DEBUG_INFO = NO;
				MTL_FAST_MATH = YES;
				SDKROOT = iphoneos;
				SWIFT_COMPILATION_MODE = wholemodule;
				SWIFT_OPTIMIZATION_LEVEL = "-O";
				VALIDATE_PRODUCT = YES;
			};
			name = Release;
		};
		BF05EF1A271B01D1009D02A6 /* Debug */ = {
			isa = XCBuildConfiguration;
			buildSettings = {
				ASSETCATALOG_COMPILER_APPICON_NAME = AppIcon;
				ASSETCATALOG_COMPILER_GLOBAL_ACCENT_COLOR_NAME = AccentColor;
				CODE_SIGN_STYLE = Automatic;
				CURRENT_PROJECT_VERSION = 1;
				DEVELOPMENT_TEAM = 2VWYS94M5J;
				GENERATE_INFOPLIST_FILE = YES;
				INFOPLIST_FILE = Mercury/Info.plist;
				INFOPLIST_KEY_UIApplicationSupportsIndirectInputEvents = YES;
				INFOPLIST_KEY_UILaunchStoryboardName = LaunchScreen;
				INFOPLIST_KEY_UIMainStoryboardFile = Main;
				INFOPLIST_KEY_UISupportedInterfaceOrientations_iPad = "UIInterfaceOrientationPortrait UIInterfaceOrientationPortraitUpsideDown UIInterfaceOrientationLandscapeLeft UIInterfaceOrientationLandscapeRight";
				INFOPLIST_KEY_UISupportedInterfaceOrientations_iPhone = "UIInterfaceOrientationPortrait UIInterfaceOrientationLandscapeLeft UIInterfaceOrientationLandscapeRight";
				LD_RUNPATH_SEARCH_PATHS = (
					"$(inherited)",
					"@executable_path/Frameworks",
				);
				MARKETING_VERSION = 1.0;
				PRODUCT_BUNDLE_IDENTIFIER = com.macsemantics.Mercury;
				PRODUCT_NAME = "$(TARGET_NAME)";
				SWIFT_EMIT_LOC_STRINGS = YES;
				SWIFT_VERSION = 5.0;
				TARGETED_DEVICE_FAMILY = "1,2";
			};
			name = Debug;
		};
		BF05EF1B271B01D1009D02A6 /* Release */ = {
			isa = XCBuildConfiguration;
			buildSettings = {
				ASSETCATALOG_COMPILER_APPICON_NAME = AppIcon;
				ASSETCATALOG_COMPILER_GLOBAL_ACCENT_COLOR_NAME = AccentColor;
				CODE_SIGN_STYLE = Automatic;
				CURRENT_PROJECT_VERSION = 1;
				DEVELOPMENT_TEAM = 2VWYS94M5J;
				GENERATE_INFOPLIST_FILE = YES;
				INFOPLIST_FILE = Mercury/Info.plist;
				INFOPLIST_KEY_UIApplicationSupportsIndirectInputEvents = YES;
				INFOPLIST_KEY_UILaunchStoryboardName = LaunchScreen;
				INFOPLIST_KEY_UIMainStoryboardFile = Main;
				INFOPLIST_KEY_UISupportedInterfaceOrientations_iPad = "UIInterfaceOrientationPortrait UIInterfaceOrientationPortraitUpsideDown UIInterfaceOrientationLandscapeLeft UIInterfaceOrientationLandscapeRight";
				INFOPLIST_KEY_UISupportedInterfaceOrientations_iPhone = "UIInterfaceOrientationPortrait UIInterfaceOrientationLandscapeLeft UIInterfaceOrientationLandscapeRight";
				LD_RUNPATH_SEARCH_PATHS = (
					"$(inherited)",
					"@executable_path/Frameworks",
				);
				MARKETING_VERSION = 1.0;
				PRODUCT_BUNDLE_IDENTIFIER = com.macsemantics.Mercury;
				PRODUCT_NAME = "$(TARGET_NAME)";
				SWIFT_EMIT_LOC_STRINGS = YES;
				SWIFT_VERSION = 5.0;
				TARGETED_DEVICE_FAMILY = "1,2";
			};
			name = Release;
		};
		BF05EF1D271B01D1009D02A6 /* Debug */ = {
			isa = XCBuildConfiguration;
			buildSettings = {
				ALWAYS_EMBED_SWIFT_STANDARD_LIBRARIES = YES;
				BUNDLE_LOADER = "$(TEST_HOST)";
				CODE_SIGN_STYLE = Automatic;
				CURRENT_PROJECT_VERSION = 1;
				DEVELOPMENT_TEAM = 2VWYS94M5J;
				GENERATE_INFOPLIST_FILE = YES;
				IPHONEOS_DEPLOYMENT_TARGET = 15.0;
				LD_RUNPATH_SEARCH_PATHS = (
					"$(inherited)",
					"@executable_path/Frameworks",
					"@loader_path/Frameworks",
				);
				MARKETING_VERSION = 1.0;
				PRODUCT_BUNDLE_IDENTIFIER = com.macsemantics.MercuryTests;
				PRODUCT_NAME = "$(TARGET_NAME)";
				SWIFT_EMIT_LOC_STRINGS = NO;
				SWIFT_VERSION = 5.0;
				TARGETED_DEVICE_FAMILY = "1,2";
				TEST_HOST = "$(BUILT_PRODUCTS_DIR)/Mercury.app/Mercury";
			};
			name = Debug;
		};
		BF05EF1E271B01D1009D02A6 /* Release */ = {
			isa = XCBuildConfiguration;
			buildSettings = {
				ALWAYS_EMBED_SWIFT_STANDARD_LIBRARIES = YES;
				BUNDLE_LOADER = "$(TEST_HOST)";
				CODE_SIGN_STYLE = Automatic;
				CURRENT_PROJECT_VERSION = 1;
				DEVELOPMENT_TEAM = 2VWYS94M5J;
				GENERATE_INFOPLIST_FILE = YES;
				IPHONEOS_DEPLOYMENT_TARGET = 15.0;
				LD_RUNPATH_SEARCH_PATHS = (
					"$(inherited)",
					"@executable_path/Frameworks",
					"@loader_path/Frameworks",
				);
				MARKETING_VERSION = 1.0;
				PRODUCT_BUNDLE_IDENTIFIER = com.macsemantics.MercuryTests;
				PRODUCT_NAME = "$(TARGET_NAME)";
				SWIFT_EMIT_LOC_STRINGS = NO;
				SWIFT_VERSION = 5.0;
				TARGETED_DEVICE_FAMILY = "1,2";
				TEST_HOST = "$(BUILT_PRODUCTS_DIR)/Mercury.app/Mercury";
			};
			name = Release;
		};
		BF05EF20271B01D1009D02A6 /* Debug */ = {
			isa = XCBuildConfiguration;
			buildSettings = {
				ALWAYS_EMBED_SWIFT_STANDARD_LIBRARIES = YES;
				CODE_SIGN_STYLE = Automatic;
				CURRENT_PROJECT_VERSION = 1;
				DEVELOPMENT_TEAM = 2VWYS94M5J;
				GENERATE_INFOPLIST_FILE = YES;
				LD_RUNPATH_SEARCH_PATHS = (
					"$(inherited)",
					"@executable_path/Frameworks",
					"@loader_path/Frameworks",
				);
				MARKETING_VERSION = 1.0;
				PRODUCT_BUNDLE_IDENTIFIER = com.macsemantics.MercuryUITests;
				PRODUCT_NAME = "$(TARGET_NAME)";
				SWIFT_EMIT_LOC_STRINGS = NO;
				SWIFT_VERSION = 5.0;
				TARGETED_DEVICE_FAMILY = "1,2";
				TEST_TARGET_NAME = Mercury;
			};
			name = Debug;
		};
		BF05EF21271B01D1009D02A6 /* Release */ = {
			isa = XCBuildConfiguration;
			buildSettings = {
				ALWAYS_EMBED_SWIFT_STANDARD_LIBRARIES = YES;
				CODE_SIGN_STYLE = Automatic;
				CURRENT_PROJECT_VERSION = 1;
				DEVELOPMENT_TEAM = 2VWYS94M5J;
				GENERATE_INFOPLIST_FILE = YES;
				LD_RUNPATH_SEARCH_PATHS = (
					"$(inherited)",
					"@executable_path/Frameworks",
					"@loader_path/Frameworks",
				);
				MARKETING_VERSION = 1.0;
				PRODUCT_BUNDLE_IDENTIFIER = com.macsemantics.MercuryUITests;
				PRODUCT_NAME = "$(TARGET_NAME)";
				SWIFT_EMIT_LOC_STRINGS = NO;
				SWIFT_VERSION = 5.0;
				TARGETED_DEVICE_FAMILY = "1,2";
				TEST_TARGET_NAME = Mercury;
			};
			name = Release;
		};
/* End XCBuildConfiguration section */

/* Begin XCConfigurationList section */
		BF05EEEA271B01D0009D02A6 /* Build configuration list for PBXProject "Mercury" */ = {
			isa = XCConfigurationList;
			buildConfigurations = (
				BF05EF17271B01D1009D02A6 /* Debug */,
				BF05EF18271B01D1009D02A6 /* Release */,
			);
			defaultConfigurationIsVisible = 0;
			defaultConfigurationName = Release;
		};
		BF05EF19271B01D1009D02A6 /* Build configuration list for PBXNativeTarget "Mercury" */ = {
			isa = XCConfigurationList;
			buildConfigurations = (
				BF05EF1A271B01D1009D02A6 /* Debug */,
				BF05EF1B271B01D1009D02A6 /* Release */,
			);
			defaultConfigurationIsVisible = 0;
			defaultConfigurationName = Release;
		};
		BF05EF1C271B01D1009D02A6 /* Build configuration list for PBXNativeTarget "MercuryTests" */ = {
			isa = XCConfigurationList;
			buildConfigurations = (
				BF05EF1D271B01D1009D02A6 /* Debug */,
				BF05EF1E271B01D1009D02A6 /* Release */,
			);
			defaultConfigurationIsVisible = 0;
			defaultConfigurationName = Release;
		};
		BF05EF1F271B01D1009D02A6 /* Build configuration list for PBXNativeTarget "MercuryUITests" */ = {
			isa = XCConfigurationList;
			buildConfigurations = (
				BF05EF20271B01D1009D02A6 /* Debug */,
				BF05EF21271B01D1009D02A6 /* Release */,
			);
			defaultConfigurationIsVisible = 0;
			defaultConfigurationName = Release;
		};
/* End XCConfigurationList section */
	};
	rootObject = BF05EEE7271B01D0009D02A6 /* Project object */;
}
