// !$*UTF8*$!
{
	archiveVersion = 1;
	classes = {
	};
	objectVersion = 55;
	objects = {

/* Begin PBXBuildFile section */
		BF05EEF3271B01D0009D02A6 /* AppDelegate.swift in Sources */ = {isa = PBXBuildFile; fileRef = BF05EEF2271B01D0009D02A6 /* AppDelegate.swift */; };
		BF05EEF5271B01D0009D02A6 /* SceneDelegate.swift in Sources */ = {isa = PBXBuildFile; fileRef = BF05EEF4271B01D0009D02A6 /* SceneDelegate.swift */; };
		BF05EEF7271B01D0009D02A6 /* ViewController.swift in Sources */ = {isa = PBXBuildFile; fileRef = BF05EEF6271B01D0009D02A6 /* ViewController.swift */; };
		BF05EEFA271B01D0009D02A6 /* Main.storyboard in Resources */ = {isa = PBXBuildFile; fileRef = BF05EEF8271B01D0009D02A6 /* Main.storyboard */; };
		BF05EEFC271B01D1009D02A6 /* Assets.xcassets in Resources */ = {isa = PBXBuildFile; fileRef = BF05EEFB271B01D1009D02A6 /* Assets.xcassets */; };
		BF05EEFF271B01D1009D02A6 /* LaunchScreen.storyboard in Resources */ = {isa = PBXBuildFile; fileRef = BF05EEFD271B01D1009D02A6 /* LaunchScreen.storyboard */; };
		BF05EF0A271B01D1009D02A6 /* MercuryTests.swift in Sources */ = {isa = PBXBuildFile; fileRef = BF05EF09271B01D1009D02A6 /* MercuryTests.swift */; };
		BF05EF14271B01D1009D02A6 /* MercuryUITests.swift in Sources */ = {isa = PBXBuildFile; fileRef = BF05EF13271B01D1009D02A6 /* MercuryUITests.swift */; };
		BF05EF16271B01D1009D02A6 /* MercuryUITestsLaunchTests.swift in Sources */ = {isa = PBXBuildFile; fileRef = BF05EF15271B01D1009D02A6 /* MercuryUITestsLaunchTests.swift */; };
/* End PBXBuildFile section */

/* Begin PBXContainerItemProxy section */
		BF05EF06271B01D1009D02A6 /* PBXContainerItemProxy */ = {
			isa = PBXContainerItemProxy;
			containerPortal = BF05EEE7271B01D0009D02A6 /* Project object */;
			proxyType = 1;
			remoteGlobalIDString = BF05EEEE271B01D0009D02A6;
			remoteInfo = Mercury;
		};
		BF05EF10271B01D1009D02A6 /* PBXContainerItemProxy */ = {
			isa = PBXContainerItemProxy;
			containerPortal = BF05EEE7271B01D0009D02A6 /* Project object */;
			proxyType = 1;
			remoteGlobalIDString = BF05EEEE271B01D0009D02A6;
			remoteInfo = Mercury;
		};
/* End PBXContainerItemProxy section */

/* Begin PBXFileReference section */
		BF05EEEF271B01D0009D02A6 /* Mercury.app */ = {isa = PBXFileReference; explicitFileType = wrapper.application; includeInIndex = 0; path = Mercury.app; sourceTree = BUILT_PRODUCTS_DIR; };
		BF05EEF2271B01D0009D02A6 /* AppDelegate.swift */ = {isa = PBXFileReference; lastKnownFileType = sourcecode.swift; path = AppDelegate.swift; sourceTree = "<group>"; };
		BF05EEF4271B01D0009D02A6 /* SceneDelegate.swift */ = {isa = PBXFileReference; lastKnownFileType = sourcecode.swift; path = SceneDelegate.swift; sourceTree = "<group>"; };
		BF05EEF6271B01D0009D02A6 /* ViewController.swift */ = {isa = PBXFileReference; lastKnownFileType = sourcecode.swift; path = ViewController.swift; sourceTree = "<group>"; };
		BF05EEF9271B01D0009D02A6 /* Base */ = {isa = PBXFileReference; lastKnownFileType = file.storyboard; name = Base; path = Base.lproj/Main.storyboard; sourceTree = "<group>"; };
		BF05EEFB271B01D1009D02A6 /* Assets.xcassets */ = {isa = PBXFileReference; lastKnownFileType = folder.assetcatalog; path = Assets.xcassets; sourceTree = "<group>"; };
		BF05EEFE271B01D1009D02A6 /* Base */ = {isa = PBXFileReference; lastKnownFileType = file.storyboard; name = Base; path = Base.lproj/LaunchScreen.storyboard; sourceTree = "<group>"; };
		BF05EF00271B01D1009D02A6 /* Info.plist */ = {isa = PBXFileReference; lastKnownFileType = text.plist.xml; path = Info.plist; sourceTree = "<group>"; };
		BF05EF05271B01D1009D02A6 /* MercuryTests.xctest */ = {isa = PBXFileReference; explicitFileType = wrapper.cfbundle; includeInIndex = 0; path = MercuryTests.xctest; sourceTree = BUILT_PRODUCTS_DIR; };
		BF05EF09271B01D1009D02A6 /* MercuryTests.swift */ = {isa = PBXFileReference; lastKnownFileType = sourcecode.swift; path = MercuryTests.swift; sourceTree = "<group>"; };
		BF05EF0F271B01D1009D02A6 /* MercuryUITests.xctest */ = {isa = PBXFileReference; explicitFileType = wrapper.cfbundle; includeInIndex = 0; path = MercuryUITests.xctest; sourceTree = BUILT_PRODUCTS_DIR; };
		BF05EF13271B01D1009D02A6 /* MercuryUITests.swift */ = {isa = PBXFileReference; lastKnownFileType = sourcecode.swift; path = MercuryUITests.swift; sourceTree = "<group>"; };
		BF05EF15271B01D1009D02A6 /* MercuryUITestsLaunchTests.swift */ = {isa = PBXFileReference; lastKnownFileType = sourcecode.swift; path = MercuryUITestsLaunchTests.swift; sourceTree = "<group>"; };
/* End PBXFileReference section */

/* Begin PBXFrameworksBuildPhase section */
		BF05EEEC271B01D0009D02A6 /* Frameworks */ = {
			isa = PBXFrameworksBuildPhase;
			buildActionMask = 2147483647;
			files = (
			);
			runOnlyForDeploymentPostprocessing = 0;
		};
		BF05EF02271B01D1009D02A6 /* Frameworks */ = {
			isa = PBXFrameworksBuildPhase;
			buildActionMask = 2147483647;
			files = (
			);
			runOnlyForDeploymentPostprocessing = 0;
		};
		BF05EF0C271B01D1009D02A6 /* Frameworks */ = {
			isa = PBXFrameworksBuildPhase;
			buildActionMask = 2147483647;
			files = (
			);
			runOnlyForDeploymentPostprocessing = 0;
		};
/* End PBXFrameworksBuildPhase section */

/* Begin PBXGroup section */
		BF05EEE6271B01D0009D02A6 = {
			isa = PBXGroup;
			children = (
				BF05EEF1271B01D0009D02A6 /* Mercury */,
				BF05EF08271B01D1009D02A6 /* MercuryTests */,
				BF05EF12271B01D1009D02A6 /* MercuryUITests */,
				BF05EEF0271B01D0009D02A6 /* Products */,
			);
			sourceTree = "<group>";
		};
		BF05EEF0271B01D0009D02A6 /* Products */ = {
			isa = PBXGroup;
			children = (
				BF05EEEF271B01D0009D02A6 /* Mercury.app */,
				BF05EF05271B01D1009D02A6 /* MercuryTests.xctest */,
				BF05EF0F271B01D1009D02A6 /* MercuryUITests.xctest */,
			);
			name = Products;
			sourceTree = "<group>";
		};
		BF05EEF1271B01D0009D02A6 /* Mercury */ = {
			isa = PBXGroup;
			children = (
				BF05EEF2271B01D0009D02A6 /* AppDelegate.swift */,
				BF05EEF4271B01D0009D02A6 /* SceneDelegate.swift */,
				BF05EEF6271B01D0009D02A6 /* ViewController.swift */,
				BF05EEF8271B01D0009D02A6 /* Main.storyboard */,
				BF05EEFB271B01D1009D02A6 /* Assets.xcassets */,
				BF05EEFD271B01D1009D02A6 /* LaunchScreen.storyboard */,
				BF05EF00271B01D1009D02A6 /* Info.plist */,
			);
			path = Mercury;
			sourceTree = "<group>";
		};
		BF05EF08271B01D1009D02A6 /* MercuryTests */ = {
			isa = PBXGroup;
			children = (
				BF05EF09271B01D1009D02A6 /* MercuryTests.swift */,
			);
			path = MercuryTests;
			sourceTree = "<group>";
		};
		BF05EF12271B01D1009D02A6 /* MercuryUITests */ = {
			isa = PBXGroup;
			children = (
				BF05EF13271B01D1009D02A6 /* MercuryUITests.swift */,
				BF05EF15271B01D1009D02A6 /* MercuryUITestsLaunchTests.swift */,
			);
			path = MercuryUITests;
			sourceTree = "<group>";
		};
/* End PBXGroup section */

/* Begin PBXNativeTarget section */
		BF05EEEE271B01D0009D02A6 /* Mercury */ = {
			isa = PBXNativeTarget;
			buildConfigurationList = BF05EF19271B01D1009D02A6 /* Build configuration list for PBXNativeTarget "Mercury" */;
			buildPhases = (
				BF05EEEB271B01D0009D02A6 /* Sources */,
				BF05EEEC271B01D0009D02A6 /* Frameworks */,
				BF05EEED271B01D0009D02A6 /* Resources */,
			);
			buildRules = (
			);
			dependencies = (
			);
			name = Mercury;
			productName = Mercury;
			productReference = BF05EEEF271B01D0009D02A6 /* Mercury.app */;
			productType = "com.apple.product-type.application";
		};
		BF05EF04271B01D1009D02A6 /* MercuryTests */ = {
			isa = PBXNativeTarget;
			buildConfigurationList = BF05EF1C271B01D1009D02A6 /* Build configuration list for PBXNativeTarget "MercuryTests" */;
			buildPhases = (
				BF05EF01271B01D1009D02A6 /* Sources */,
				BF05EF02271B01D1009D02A6 /* Frameworks */,
				BF05EF03271B01D1009D02A6 /* Resources */,
			);
			buildRules = (
			);
			dependencies = (
				BF05EF07271B01D1009D02A6 /* PBXTargetDependency */,
			);
			name = MercuryTests;
			productName = MercuryTests;
			productReference = BF05EF05271B01D1009D02A6 /* MercuryTests.xctest */;
			productType = "com.apple.product-type.bundle.unit-test";
		};
		BF05EF0E271B01D1009D02A6 /* MercuryUITests */ = {
			isa = PBXNativeTarget;
			buildConfigurationList = BF05EF1F271B01D1009D02A6 /* Build configuration list for PBXNativeTarget "MercuryUITests" */;
			buildPhases = (
				BF05EF0B271B01D1009D02A6 /* Sources */,
				BF05EF0C271B01D1009D02A6 /* Frameworks */,
				BF05EF0D271B01D1009D02A6 /* Resources */,
			);
			buildRules = (
			);
			dependencies = (
				BF05EF11271B01D1009D02A6 /* PBXTargetDependency */,
			);
			name = MercuryUITests;
			productName = MercuryUITests;
			productReference = BF05EF0F271B01D1009D02A6 /* MercuryUITests.xctest */;
			productType = "com.apple.product-type.bundle.ui-testing";
		};
/* End PBXNativeTarget section */

/* Begin PBXProject section */
		BF05EEE7271B01D0009D02A6 /* Project object */ = {
			isa = PBXProject;
			attributes = {
				BuildIndependentTargetsInParallel = 1;
				LastSwiftUpdateCheck = 1300;
				LastUpgradeCheck = 1300;
				TargetAttributes = {
					BF05EEEE271B01D0009D02A6 = {
						CreatedOnToolsVersion = 13.0;
					};
					BF05EF04271B01D1009D02A6 = {
						CreatedOnToolsVersion = 13.0;
						TestTargetID = BF05EEEE271B01D0009D02A6;
					};
					BF05EF0E271B01D1009D02A6 = {
						CreatedOnToolsVersion = 13.0;
						TestTargetID = BF05EEEE271B01D0009D02A6;
					};
				};
			};
			buildConfigurationList = BF05EEEA271B01D0009D02A6 /* Build configuration list for PBXProject "Mercury" */;
			compatibilityVersion = "Xcode 13.0";
			developmentRegion = en;
			hasScannedForEncodings = 0;
			knownRegions = (
				en,
				Base,
			);
			mainGroup = BF05EEE6271B01D0009D02A6;
			productRefGroup = BF05EEF0271B01D0009D02A6 /* Products */;
			projectDirPath = "";
			projectRoot = "";
			targets = (
				BF05EEEE271B01D0009D02A6 /* Mercury */,
				BF05EF04271B01D1009D02A6 /* MercuryTests */,
				BF05EF0E271B01D1009D02A6 /* MercuryUITests */,
			);
		};
/* End PBXProject section */

/* Begin PBXResourcesBuildPhase section */
		BF05EEED271B01D0009D02A6 /* Resources */ = {
			isa = PBXResourcesBuildPhase;
			buildActionMask = 2147483647;
			files = (
				BF05EEFF271B01D1009D02A6 /* LaunchScreen.storyboard in Resources */,
				BF05EEFC271B01D1009D02A6 /* Assets.xcassets in Resources */,
				BF05EEFA271B01D0009D02A6 /* Main.storyboard in Resources */,
			);
			runOnlyForDeploymentPostprocessing = 0;
		};
		BF05EF03271B01D1009D02A6 /* Resources */ = {
			isa = PBXResourcesBuildPhase;
			buildActionMask = 2147483647;
			files = (
			);
			runOnlyForDeploymentPostprocessing = 0;
		};
		BF05EF0D271B01D1009D02A6 /* Resources */ = {
			isa = PBXResourcesBuildPhase;
			buildActionMask = 2147483647;
			files = (
			);
			runOnlyForDeploymentPostprocessing = 0;
		};
/* End PBXResourcesBuildPhase section */

/* Begin PBXSourcesBuildPhase section */
		BF05EEEB271B01D0009D02A6 /* Sources */ = {
			isa = PBXSourcesBuildPhase;
			buildActionMask = 2147483647;
			files = (
				BF05EEF7271B01D0009D02A6 /* ViewController.swift in Sources */,
				BF05EEF3271B01D0009D02A6 /* AppDelegate.swift in Sources */,
				BF05EEF5271B01D0009D02A6 /* SceneDelegate.swift in Sources */,
			);
			runOnlyForDeploymentPostprocessing = 0;
		};
		BF05EF01271B01D1009D02A6 /* Sources */ = {
			isa = PBXSourcesBuildPhase;
			buildActionMask = 2147483647;
			files = (
				BF05EF0A271B01D1009D02A6 /* MercuryTests.swift in Sources */,
			);
			runOnlyForDeploymentPostprocessing = 0;
		};
		BF05EF0B271B01D1009D02A6 /* Sources */ = {
			isa = PBXSourcesBuildPhase;
			buildActionMask = 2147483647;
			files = (
				BF05EF16271B01D1009D02A6 /* MercuryUITestsLaunchTests.swift in Sources */,
				BF05EF14271B01D1009D02A6 /* MercuryUITests.swift in Sources */,
			);
			runOnlyForDeploymentPostprocessing = 0;
		};
/* End PBXSourcesBuildPhase section */

/* Begin PBXTargetDependency section */
		BF05EF07271B01D1009D02A6 /* PBXTargetDependency */ = {
			isa = PBXTargetDependency;
			target = BF05EEEE271B01D0009D02A6 /* Mercury */;
			targetProxy = BF05EF06271B01D1009D02A6 /* PBXContainerItemProxy */;
		};
		BF05EF11271B01D1009D02A6 /* PBXTargetDependency */ = {
			isa = PBXTargetDependency;
			target = BF05EEEE271B01D0009D02A6 /* Mercury */;
			targetProxy = BF05EF10271B01D1009D02A6 /* PBXContainerItemProxy */;
		};
/* End PBXTargetDependency section */

/* Begin PBXVariantGroup section */
		BF05EEF8271B01D0009D02A6 /* Main.storyboard */ = {
			isa = PBXVariantGroup;
			children = (
				BF05EEF9271B01D0009D02A6 /* Base */,
			);
			name = Main.storyboard;
			sourceTree = "<group>";
		};
		BF05EEFD271B01D1009D02A6 /* LaunchScreen.storyboard */ = {
			isa = PBXVariantGroup;
			children = (
				BF05EEFE271B01D1009D02A6 /* Base */,
			);
			name = LaunchScreen.storyboard;
			sourceTree = "<group>";
		};
/* End PBXVariantGroup section */

/* Begin XCBuildConfiguration section */
		BF05EF17271B01D1009D02A6 /* Debug */ = {
			isa = XCBuildConfiguration;
			buildSettings = {
				ALWAYS_SEARCH_USER_PATHS = NO;
				CLANG_ANALYZER_NONNULL = YES;
				CLANG_ANALYZER_NUMBER_OBJECT_CONVERSION = YES_AGGRESSIVE;
				CLANG_CXX_LANGUAGE_STANDARD = "gnu++17";
				CLANG_CXX_LIBRARY = "libc++";
				CLANG_ENABLE_MODULES = YES;
				CLANG_ENABLE_OBJC_ARC = YES;
				CLANG_ENABLE_OBJC_WEAK = YES;
				CLANG_WARN_BLOCK_CAPTURE_AUTORELEASING = YES;
				CLANG_WARN_BOOL_CONVERSION = YES;
				CLANG_WARN_COMMA = YES;
				CLANG_WARN_CONSTANT_CONVERSION = YES;
				CLANG_WARN_DEPRECATED_OBJC_IMPLEMENTATIONS = YES;
				CLANG_WARN_DIRECT_OBJC_ISA_USAGE = YES_ERROR;
				CLANG_WARN_DOCUMENTATION_COMMENTS = YES;
				CLANG_WARN_EMPTY_BODY = YES;
				CLANG_WARN_ENUM_CONVERSION = YES;
				CLANG_WARN_INFINITE_RECURSION = YES;
				CLANG_WARN_INT_CONVERSION = YES;
				CLANG_WARN_NON_LITERAL_NULL_CONVERSION = YES;
				CLANG_WARN_OBJC_IMPLICIT_RETAIN_SELF = YES;
				CLANG_WARN_OBJC_LITERAL_CONVERSION = YES;
				CLANG_WARN_OBJC_ROOT_CLASS = YES_ERROR;
				CLANG_WARN_QUOTED_INCLUDE_IN_FRAMEWORK_HEADER = YES;
				CLANG_WARN_RANGE_LOOP_ANALYSIS = YES;
				CLANG_WARN_STRICT_PROTOTYPES = YES;
				CLANG_WARN_SUSPICIOUS_MOVE = YES;
				CLANG_WARN_UNGUARDED_AVAILABILITY = YES_AGGRESSIVE;
				CLANG_WARN_UNREACHABLE_CODE = YES;
				CLANG_WARN__DUPLICATE_METHOD_MATCH = YES;
				COPY_PHASE_STRIP = NO;
				DEBUG_INFORMATION_FORMAT = dwarf;
				ENABLE_STRICT_OBJC_MSGSEND = YES;
				ENABLE_TESTABILITY = YES;
				GCC_C_LANGUAGE_STANDARD = gnu11;
				GCC_DYNAMIC_NO_PIC = NO;
				GCC_NO_COMMON_BLOCKS = YES;
				GCC_OPTIMIZATION_LEVEL = 0;
				GCC_PREPROCESSOR_DEFINITIONS = (
					"DEBUG=1",
					"$(inherited)",
				);
				GCC_WARN_64_TO_32_BIT_CONVERSION = YES;
				GCC_WARN_ABOUT_RETURN_TYPE = YES_ERROR;
				GCC_WARN_UNDECLARED_SELECTOR = YES;
				GCC_WARN_UNINITIALIZED_AUTOS = YES_AGGRESSIVE;
				GCC_WARN_UNUSED_FUNCTION = YES;
				GCC_WARN_UNUSED_VARIABLE = YES;
				IPHONEOS_DEPLOYMENT_TARGET = 15.0;
				MTL_ENABLE_DEBUG_INFO = INCLUDE_SOURCE;
				MTL_FAST_MATH = YES;
				ONLY_ACTIVE_ARCH = YES;
				SDKROOT = iphoneos;
				SWIFT_ACTIVE_COMPILATION_CONDITIONS = DEBUG;
				SWIFT_OPTIMIZATION_LEVEL = "-Onone";
			};
			name = Debug;
		};
		BF05EF18271B01D1009D02A6 /* Release */ = {
			isa = XCBuildConfiguration;
			buildSettings = {
				ALWAYS_SEARCH_USER_PATHS = NO;
				CLANG_ANALYZER_NONNULL = YES;
				CLANG_ANALYZER_NUMBER_OBJECT_CONVERSION = YES_AGGRESSIVE;
				CLANG_CXX_LANGUAGE_STANDARD = "gnu++17";
				CLANG_CXX_LIBRARY = "libc++";
				CLANG_ENABLE_MODULES = YES;
				CLANG_ENABLE_OBJC_ARC = YES;
				CLANG_ENABLE_OBJC_WEAK = YES;
				CLANG_WARN_BLOCK_CAPTURE_AUTORELEASING = YES;
				CLANG_WARN_BOOL_CONVERSION = YES;
				CLANG_WARN_COMMA = YES;
				CLANG_WARN_CONSTANT_CONVERSION = YES;
				CLANG_WARN_DEPRECATED_OBJC_IMPLEMENTATIONS = YES;
				CLANG_WARN_DIRECT_OBJC_ISA_USAGE = YES_ERROR;
				CLANG_WARN_DOCUMENTATION_COMMENTS = YES;
				CLANG_WARN_EMPTY_BODY = YES;
				CLANG_WARN_ENUM_CONVERSION = YES;
				CLANG_WARN_INFINITE_RECURSION = YES;
				CLANG_WARN_INT_CONVERSION = YES;
				CLANG_WARN_NON_LITERAL_NULL_CONVERSION = YES;
				CLANG_WARN_OBJC_IMPLICIT_RETAIN_SELF = YES;
				CLANG_WARN_OBJC_LITERAL_CONVERSION = YES;
				CLANG_WARN_OBJC_ROOT_CLASS = YES_ERROR;
				CLANG_WARN_QUOTED_INCLUDE_IN_FRAMEWORK_HEADER = YES;
				CLANG_WARN_RANGE_LOOP_ANALYSIS = YES;
				CLANG_WARN_STRICT_PROTOTYPES = YES;
				CLANG_WARN_SUSPICIOUS_MOVE = YES;
				CLANG_WARN_UNGUARDED_AVAILABILITY = YES_AGGRESSIVE;
				CLANG_WARN_UNREACHABLE_CODE = YES;
				CLANG_WARN__DUPLICATE_METHOD_MATCH = YES;
				COPY_PHASE_STRIP = NO;
				DEBUG_INFORMATION_FORMAT = "dwarf-with-dsym";
				ENABLE_NS_ASSERTIONS = NO;
				ENABLE_STRICT_OBJC_MSGSEND = YES;
				GCC_C_LANGUAGE_STANDARD = gnu11;
				GCC_NO_COMMON_BLOCKS = YES;
				GCC_WARN_64_TO_32_BIT_CONVERSION = YES;
				GCC_WARN_ABOUT_RETURN_TYPE = YES_ERROR;
				GCC_WARN_UNDECLARED_SELECTOR = YES;
				GCC_WARN_UNINITIALIZED_AUTOS = YES_AGGRESSIVE;
				GCC_WARN_UNUSED_FUNCTION = YES;
				GCC_WARN_UNUSED_VARIABLE = YES;
				IPHONEOS_DEPLOYMENT_TARGET = 15.0;
				MTL_ENABLE_DEBUG_INFO = NO;
				MTL_FAST_MATH = YES;
				SDKROOT = iphoneos;
				SWIFT_COMPILATION_MODE = wholemodule;
				SWIFT_OPTIMIZATION_LEVEL = "-O";
				VALIDATE_PRODUCT = YES;
			};
			name = Release;
		};
		BF05EF1A271B01D1009D02A6 /* Debug */ = {
			isa = XCBuildConfiguration;
			buildSettings = {
				ASSETCATALOG_COMPILER_APPICON_NAME = AppIcon;
				ASSETCATALOG_COMPILER_GLOBAL_ACCENT_COLOR_NAME = AccentColor;
				CODE_SIGN_STYLE = Automatic;
				CURRENT_PROJECT_VERSION = 1;
				DEVELOPMENT_TEAM = 2VWYS94M5J;
				GENERATE_INFOPLIST_FILE = YES;
				INFOPLIST_FILE = Mercury/Info.plist;
				INFOPLIST_KEY_UIApplicationSupportsIndirectInputEvents = YES;
				INFOPLIST_KEY_UILaunchStoryboardName = LaunchScreen;
				INFOPLIST_KEY_UIMainStoryboardFile = Main;
				INFOPLIST_KEY_UISupportedInterfaceOrientations_iPad = "UIInterfaceOrientationPortrait UIInterfaceOrientationPortraitUpsideDown UIInterfaceOrientationLandscapeLeft UIInterfaceOrientationLandscapeRight";
				INFOPLIST_KEY_UISupportedInterfaceOrientations_iPhone = "UIInterfaceOrientationPortrait UIInterfaceOrientationLandscapeLeft UIInterfaceOrientationLandscapeRight";
				LD_RUNPATH_SEARCH_PATHS = (
					"$(inherited)",
					"@executable_path/Frameworks",
				);
				MARKETING_VERSION = 1.0;
				PRODUCT_BUNDLE_IDENTIFIER = com.macsemantics.Mercury;
				PRODUCT_NAME = "$(TARGET_NAME)";
				SWIFT_EMIT_LOC_STRINGS = YES;
				SWIFT_VERSION = 5.0;
				TARGETED_DEVICE_FAMILY = "1,2";
			};
			name = Debug;
		};
		BF05EF1B271B01D1009D02A6 /* Release */ = {
			isa = XCBuildConfiguration;
			buildSettings = {
				ASSETCATALOG_COMPILER_APPICON_NAME = AppIcon;
				ASSETCATALOG_COMPILER_GLOBAL_ACCENT_COLOR_NAME = AccentColor;
				CODE_SIGN_STYLE = Automatic;
				CURRENT_PROJECT_VERSION = 1;
				DEVELOPMENT_TEAM = 2VWYS94M5J;
				GENERATE_INFOPLIST_FILE = YES;
				INFOPLIST_FILE = Mercury/Info.plist;
				INFOPLIST_KEY_UIApplicationSupportsIndirectInputEvents = YES;
				INFOPLIST_KEY_UILaunchStoryboardName = LaunchScreen;
				INFOPLIST_KEY_UIMainStoryboardFile = Main;
				INFOPLIST_KEY_UISupportedInterfaceOrientations_iPad = "UIInterfaceOrientationPortrait UIInterfaceOrientationPortraitUpsideDown UIInterfaceOrientationLandscapeLeft UIInterfaceOrientationLandscapeRight";
				INFOPLIST_KEY_UISupportedInterfaceOrientations_iPhone = "UIInterfaceOrientationPortrait UIInterfaceOrientationLandscapeLeft UIInterfaceOrientationLandscapeRight";
				LD_RUNPATH_SEARCH_PATHS = (
					"$(inherited)",
					"@executable_path/Frameworks",
				);
				MARKETING_VERSION = 1.0;
				PRODUCT_BUNDLE_IDENTIFIER = com.macsemantics.Mercury;
				PRODUCT_NAME = "$(TARGET_NAME)";
				SWIFT_EMIT_LOC_STRINGS = YES;
				SWIFT_VERSION = 5.0;
				TARGETED_DEVICE_FAMILY = "1,2";
			};
			name = Release;
		};
		BF05EF1D271B01D1009D02A6 /* Debug */ = {
			isa = XCBuildConfiguration;
			buildSettings = {
				ALWAYS_EMBED_SWIFT_STANDARD_LIBRARIES = YES;
				BUNDLE_LOADER = "$(TEST_HOST)";
				CODE_SIGN_STYLE = Automatic;
				CURRENT_PROJECT_VERSION = 1;
				DEVELOPMENT_TEAM = 2VWYS94M5J;
				GENERATE_INFOPLIST_FILE = YES;
				IPHONEOS_DEPLOYMENT_TARGET = 15.0;
				LD_RUNPATH_SEARCH_PATHS = (
					"$(inherited)",
					"@executable_path/Frameworks",
					"@loader_path/Frameworks",
				);
				MARKETING_VERSION = 1.0;
				PRODUCT_BUNDLE_IDENTIFIER = com.macsemantics.MercuryTests;
				PRODUCT_NAME = "$(TARGET_NAME)";
				SWIFT_EMIT_LOC_STRINGS = NO;
				SWIFT_VERSION = 5.0;
				TARGETED_DEVICE_FAMILY = "1,2";
				TEST_HOST = "$(BUILT_PRODUCTS_DIR)/Mercury.app/Mercury";
			};
			name = Debug;
		};
		BF05EF1E271B01D1009D02A6 /* Release */ = {
			isa = XCBuildConfiguration;
			buildSettings = {
				ALWAYS_EMBED_SWIFT_STANDARD_LIBRARIES = YES;
				BUNDLE_LOADER = "$(TEST_HOST)";
				CODE_SIGN_STYLE = Automatic;
				CURRENT_PROJECT_VERSION = 1;
				DEVELOPMENT_TEAM = 2VWYS94M5J;
				GENERATE_INFOPLIST_FILE = YES;
				IPHONEOS_DEPLOYMENT_TARGET = 15.0;
				LD_RUNPATH_SEARCH_PATHS = (
					"$(inherited)",
					"@executable_path/Frameworks",
					"@loader_path/Frameworks",
				);
				MARKETING_VERSION = 1.0;
				PRODUCT_BUNDLE_IDENTIFIER = com.macsemantics.MercuryTests;
				PRODUCT_NAME = "$(TARGET_NAME)";
				SWIFT_EMIT_LOC_STRINGS = NO;
				SWIFT_VERSION = 5.0;
				TARGETED_DEVICE_FAMILY = "1,2";
				TEST_HOST = "$(BUILT_PRODUCTS_DIR)/Mercury.app/Mercury";
			};
			name = Release;
		};
		BF05EF20271B01D1009D02A6 /* Debug */ = {
			isa = XCBuildConfiguration;
			buildSettings = {
				ALWAYS_EMBED_SWIFT_STANDARD_LIBRARIES = YES;
				CODE_SIGN_STYLE = Automatic;
				CURRENT_PROJECT_VERSION = 1;
				DEVELOPMENT_TEAM = 2VWYS94M5J;
				GENERATE_INFOPLIST_FILE = YES;
				LD_RUNPATH_SEARCH_PATHS = (
					"$(inherited)",
					"@executable_path/Frameworks",
					"@loader_path/Frameworks",
				);
				MARKETING_VERSION = 1.0;
				PRODUCT_BUNDLE_IDENTIFIER = com.macsemantics.MercuryUITests;
				PRODUCT_NAME = "$(TARGET_NAME)";
				SWIFT_EMIT_LOC_STRINGS = NO;
				SWIFT_VERSION = 5.0;
				TARGETED_DEVICE_FAMILY = "1,2";
				TEST_TARGET_NAME = Mercury;
			};
			name = Debug;
		};
		BF05EF21271B01D1009D02A6 /* Release */ = {
			isa = XCBuildConfiguration;
			buildSettings = {
				ALWAYS_EMBED_SWIFT_STANDARD_LIBRARIES = YES;
				CODE_SIGN_STYLE = Automatic;
				CURRENT_PROJECT_VERSION = 1;
				DEVELOPMENT_TEAM = 2VWYS94M5J;
				GENERATE_INFOPLIST_FILE = YES;
				LD_RUNPATH_SEARCH_PATHS = (
					"$(inherited)",
					"@executable_path/Frameworks",
					"@loader_path/Frameworks",
				);
				MARKETING_VERSION = 1.0;
				PRODUCT_BUNDLE_IDENTIFIER = com.macsemantics.MercuryUITests;
				PRODUCT_NAME = "$(TARGET_NAME)";
				SWIFT_EMIT_LOC_STRINGS = NO;
				SWIFT_VERSION = 5.0;
				TARGETED_DEVICE_FAMILY = "1,2";
				TEST_TARGET_NAME = Mercury;
			};
			name = Release;
		};
/* End XCBuildConfiguration section */

/* Begin XCConfigurationList section */
		BF05EEEA271B01D0009D02A6 /* Build configuration list for PBXProject "Mercury" */ = {
			isa = XCConfigurationList;
			buildConfigurations = (
				BF05EF17271B01D1009D02A6 /* Debug */,
				BF05EF18271B01D1009D02A6 /* Release */,
			);
			defaultConfigurationIsVisible = 0;
			defaultConfigurationName = Release;
		};
		BF05EF19271B01D1009D02A6 /* Build configuration list for PBXNativeTarget "Mercury" */ = {
			isa = XCConfigurationList;
			buildConfigurations = (
				BF05EF1A271B01D1009D02A6 /* Debug */,
				BF05EF1B271B01D1009D02A6 /* Release */,
			);
			defaultConfigurationIsVisible = 0;
			defaultConfigurationName = Release;
		};
		BF05EF1C271B01D1009D02A6 /* Build configuration list for PBXNativeTarget "MercuryTests" */ = {
			isa = XCConfigurationList;
			buildConfigurations = (
				BF05EF1D271B01D1009D02A6 /* Debug */,
				BF05EF1E271B01D1009D02A6 /* Release */,
			);
			defaultConfigurationIsVisible = 0;
			defaultConfigurationName = Release;
		};
		BF05EF1F271B01D1009D02A6 /* Build configuration list for PBXNativeTarget "MercuryUITests" */ = {
			isa = XCConfigurationList;
			buildConfigurations = (
				BF05EF20271B01D1009D02A6 /* Debug */,
				BF05EF21271B01D1009D02A6 /* Release */,
			);
			defaultConfigurationIsVisible = 0;
			defaultConfigurationName = Release;
		};
/* End XCConfigurationList section */
	};
	rootObject = BF05EEE7271B01D0009D02A6 /* Project object */;
}
